Microsoft Visual Studio Solution File, Format Version 11.00
# Visual Studio 2008

Project("{248C754E-CE64-0FA6-6F17-96D8E22885B8}") = "ARPGDemo", "Assembly-CSharp.csproj", "{FE24CA0D-316B-4626-0684-5F4DFB041F44}"
EndProject
Project("{248C754E-CE64-0FA6-6F17-96D8E22885B8}") = "ARPGDemo", "Assembly-CSharp-Editor.csproj", "{F47EF838-458D-279E-1D47-A9852ACADFEA}"
EndProject
Project("{248C754E-CE64-0FA6-6F17-96D8E22885B8}") = "ARPGDemo", "Assembly-UnityScript.unityproj", "{BF0D5DD3-B038-4E17-D4E9-B5C2C9222BC1}"
EndProject
Project("{248C754E-CE64-0FA6-6F17-96D8E22885B8}") = "ARPGDemo", "Assembly-UnityScript-Editor.unityproj", "{BBB7E556-BC67-EB31-F4D3-C29F4904EE20}"
EndProject
Global
	GlobalSection(SolutionConfigurationPlatforms) = preSolution
		Debug|Any CPU = Debug|Any CPU
		Release|Any CPU = Release|Any CPU
	EndGlobalSection
	GlobalSection(ProjectConfigurationPlatforms) = postSolution
		{FE24CA0D-316B-4626-0684-5F4DFB041F44}.Debug|Any CPU.ActiveCfg = Debug|Any CPU
		{FE24CA0D-316B-4626-0684-5F4DFB041F44}.Debug|Any CPU.Build.0 = Debug|Any CPU
		{FE24CA0D-316B-4626-0684-5F4DFB041F44}.Release|Any CPU.ActiveCfg = Release|Any CPU
		{FE24CA0D-316B-4626-0684-5F4DFB041F44}.Release|Any CPU.Build.0 = Release|Any CPU
		{F47EF838-458D-279E-1D47-A9852ACADFEA}.Debug|Any CPU.ActiveCfg = Debug|Any CPU
		{F47EF838-458D-279E-1D47-A9852ACADFEA}.Debug|Any CPU.Build.0 = Debug|Any CPU
		{F47EF838-458D-279E-1D47-A9852ACADFEA}.Release|Any CPU.ActiveCfg = Release|Any CPU
		{F47EF838-458D-279E-1D47-A9852ACADFEA}.Release|Any CPU.Build.0 = Release|Any CPU
		{BF0D5DD3-B038-4E17-D4E9-B5C2C9222BC1}.Debug|Any CPU.ActiveCfg = Debug|Any CPU
		{BF0D5DD3-B038-4E17-D4E9-B5C2C9222BC1}.Debug|Any CPU.Build.0 = Debug|Any CPU
		{BF0D5DD3-B038-4E17-D4E9-B5C2C9222BC1}.Release|Any CPU.ActiveCfg = Release|Any CPU
		{BF0D5DD3-B038-4E17-D4E9-B5C2C9222BC1}.Release|Any CPU.Build.0 = Release|Any CPU
		{BBB7E556-BC67-EB31-F4D3-C29F4904EE20}.Debug|Any CPU.ActiveCfg = Debug|Any CPU
		{BBB7E556-BC67-EB31-F4D3-C29F4904EE20}.Debug|Any CPU.Build.0 = Debug|Any CPU
		{BBB7E556-BC67-EB31-F4D3-C29F4904EE20}.Release|Any CPU.ActiveCfg = Release|Any CPU
		{BBB7E556-BC67-EB31-F4D3-C29F4904EE20}.Release|Any CPU.Build.0 = Release|Any CPU
	EndGlobalSection
	GlobalSection(SolutionProperties) = preSolution
		HideSolutionNode = FALSE
	EndGlobalSection
																																																																																										GlobalSection(MonoDevelopProperties) = preSolution
		StartupItem = Assembly-CSharp.csproj
		Policies = $0
		$0.TextStylePolicy = $1
		$1.inheritsSet = null
		$1.scope = text/x-csharp
		$0.CSharpFormattingPolicy = $2
		$2.inheritsSet = Mono
		$2.inheritsScope = text/x-csharp
		$2.scope = text/x-csharp
		$0.TextStylePolicy = $3
		$3.FileWidth = 120
		$3.TabWidth = 4
		$3.EolMarker = Unix
		$3.inheritsSet = Mono
		$3.inheritsScope = text/plain
		$3.scope = text/plain
	EndGlobalSection

EndGlobal
